
Microsoft Visual Studio Solution File, Format Version 12.00
# Visual Studio Version 17
VisualStudioVersion = 17.0.31919.166
MinimumVisualStudioVersion = 10.0.40219.1
Project("{9A19103F-16F7-4668-BE54-9A1E7A4F7556}") = "QuantileCalculation", "QuantileCalculation\QuantileCalculation.csproj", "{E48064ED-FE46-42B1-B9CF-92E17D4F9C96}"
EndProject
Project("{FAE04EC0-301F-11D3-BF4B-00C04F79EFBC}") = "QuantileCalculation.Test", "QuantileCalculation.Test\QuantileCalculation.Test.csproj", "{5CD0549A-033D-448D-ACE1-D7E1265ED243}"
EndProject
Global
	GlobalSection(SolutionConfigurationPlatforms) = preSolution
		Debug|Any CPU = Debug|Any CPU
		Release|Any CPU = Release|Any CPU
	EndGlobalSection
	GlobalSection(ProjectConfigurationPlatforms) = postSolution
		{E48064ED-FE46-42B1-B9CF-92E17D4F9C96}.Debug|Any CPU.ActiveCfg = Debug|Any CPU
		{E48064ED-FE46-42B1-B9CF-92E17D4F9C96}.Debug|Any CPU.Build.0 = Debug|Any CPU
		{E48064ED-FE46-42B1-B9CF-92E17D4F9C96}.Release|Any CPU.ActiveCfg = Release|Any CPU
		{E48064ED-FE46-42B1-B9CF-92E17D4F9C96}.Release|Any CPU.Build.0 = Release|Any CPU
		{5CD0549A-033D-448D-ACE1-D7E1265ED243}.Debug|Any CPU.ActiveCfg = Debug|Any CPU
		{5CD0549A-033D-448D-ACE1-D7E1265ED243}.Debug|Any CPU.Build.0 = Debug|Any CPU
		{5CD0549A-033D-448D-ACE1-D7E1265ED243}.Release|Any CPU.ActiveCfg = Release|Any CPU
		{5CD0549A-033D-448D-ACE1-D7E1265ED243}.Release|Any CPU.Build.0 = Release|Any CPU
	EndGlobalSection
	GlobalSection(SolutionProperties) = preSolution
		HideSolutionNode = FALSE
	EndGlobalSection
	GlobalSection(ExtensibilityGlobals) = postSolution
		SolutionGuid = {8E36AE1C-9420-4DD4-BD23-33A134BD4FFB}
	EndGlobalSection
EndGlobal
